
Microsoft Visual Studio Solution File, Format Version 12.00
# Visual Studio Version 16
VisualStudioVersion = 16.0.31729.503
MinimumVisualStudioVersion = 10.0.40219.1
Project("{FAE04EC0-301F-11D3-BF4B-00C04F79EFBC}") = "TextToSpeech", "TextToSpeech\TextToSpeech.csproj", "{6F250C4B-67BD-45A1-A0B9-15FC09AB0B0A}"
EndProject
Global
	GlobalSection(SolutionConfigurationPlatforms) = preSolution
		Debug|Any CPU = Debug|Any CPU
		Release|Any CPU = Release|Any CPU
	EndGlobalSection
	GlobalSection(ProjectConfigurationPlatforms) = postSolution
		{6F250C4B-67BD-45A1-A0B9-15FC09AB0B0A}.Debug|Any CPU.ActiveCfg = Debug|Any CPU
		{6F250C4B-67BD-45A1-A0B9-15FC09AB0B0A}.Debug|Any CPU.Build.0 = Debug|Any CPU
		{6F250C4B-67BD-45A1-A0B9-15FC09AB0B0A}.Release|Any CPU.ActiveCfg = Release|Any CPU
		{6F250C4B-67BD-45A1-A0B9-15FC09AB0B0A}.Release|Any CPU.Build.0 = Release|Any CPU
	EndGlobalSection
	GlobalSection(SolutionProperties) = preSolution
		HideSolutionNode = FALSE
	EndGlobalSection
	GlobalSection(ExtensibilityGlobals) = postSolution
		SolutionGuid = {3AD2E89C-01BD-420A-B045-C4488652CF95}
	EndGlobalSection
EndGlobal
